// !$*UTF8*$!
{
	archiveVersion = 1;
	classes = {
	};
	objectVersion = 46;
	objects = {

/* Begin PBXBuildFile section */
		644342341C9307A200B66971 /* F8main.cpp in Sources */ = {isa = PBXBuildFile; fileRef = 644342331C9307A200B66971 /* F8main.cpp */; };
		6443423C1C9308E300B66971 /* F8fonctions.cpp in Sources */ = {isa = PBXBuildFile; fileRef = 6443423A1C9308E300B66971 /* F8fonctions.cpp */; };
/* End PBXBuildFile section */

/* Begin PBXCopyFilesBuildPhase section */
		6443422E1C9307A200B66971 /* CopyFiles */ = {
			isa = PBXCopyFilesBuildPhase;
			buildActionMask = 2147483647;
			dstPath = /usr/share/man/man1/;
			dstSubfolderSpec = 0;
			files = (
			);
			runOnlyForDeploymentPostprocessing = 1;
		};
/* End PBXCopyFilesBuildPhase section */

/* Begin PBXFileReference section */
		644342301C9307A200B66971 /* proj_langage_compilation */ = {isa = PBXFileReference; explicitFileType = "compiled.mach-o.executable"; includeInIndex = 0; path = proj_langage_compilation; sourceTree = BUILT_PRODUCTS_DIR; };
		644342331C9307A200B66971 /* F8main.cpp */ = {isa = PBXFileReference; lastKnownFileType = sourcecode.cpp.cpp; path = F8main.cpp; sourceTree = "<group>"; };
		6443423A1C9308E300B66971 /* F8fonctions.cpp */ = {isa = PBXFileReference; fileEncoding = 4; lastKnownFileType = sourcecode.cpp.cpp; path = F8fonctions.cpp; sourceTree = "<group>"; };
		6443423B1C9308E300B66971 /* F8fonctions.hpp */ = {isa = PBXFileReference; fileEncoding = 4; lastKnownFileType = sourcecode.cpp.h; path = F8fonctions.hpp; sourceTree = "<group>"; };
/* End PBXFileReference section */

/* Begin PBXFrameworksBuildPhase section */
		6443422D1C9307A200B66971 /* Frameworks */ = {
			isa = PBXFrameworksBuildPhase;
			buildActionMask = 2147483647;
			files = (
			);
			runOnlyForDeploymentPostprocessing = 0;
		};
/* End PBXFrameworksBuildPhase section */

/* Begin PBXGroup section */
		644342271C9307A200B66971 = {
			isa = PBXGroup;
			children = (
				644342321C9307A200B66971 /* proj_langage_compilation */,
				644342311C9307A200B66971 /* Products */,
			);
			sourceTree = "<group>";
		};
		644342311C9307A200B66971 /* Products */ = {
			isa = PBXGroup;
			children = (
				644342301C9307A200B66971 /* proj_langage_compilation */,
			);
			name = Products;
			sourceTree = "<group>";
		};
		644342321C9307A200B66971 /* proj_langage_compilation */ = {
			isa = PBXGroup;
			children = (
				644342331C9307A200B66971 /* F8main.cpp */,
				6443423A1C9308E300B66971 /* F8fonctions.cpp */,
				6443423B1C9308E300B66971 /* F8fonctions.hpp */,
			);
			path = proj_langage_compilation;
			sourceTree = "<group>";
		};
/* End PBXGroup section */

/* Begin PBXNativeTarget section */
		6443422F1C9307A200B66971 /* proj_langage_compilation */ = {
			isa = PBXNativeTarget;
			buildConfigurationList = 644342371C9307A200B66971 /* Build configuration list for PBXNativeTarget "proj_langage_compilation" */;
			buildPhases = (
				6443422C1C9307A200B66971 /* Sources */,
				6443422D1C9307A200B66971 /* Frameworks */,
				6443422E1C9307A200B66971 /* CopyFiles */,
			);
			buildRules = (
			);
			dependencies = (
			);
			name = proj_langage_compilation;
			productName = proj_langage_compilation;
			productReference = 644342301C9307A200B66971 /* proj_langage_compilation */;
			productType = "com.apple.product-type.tool";
		};
/* End PBXNativeTarget section */

/* Begin PBXProject section */
		644342281C9307A200B66971 /* Project object */ = {
			isa = PBXProject;
			attributes = {
				LastUpgradeCheck = 0720;
				ORGANIZATIONNAME = "Edouard Soares";
				TargetAttributes = {
					6443422F1C9307A200B66971 = {
						CreatedOnToolsVersion = 7.2.1;
					};
				};
			};
			buildConfigurationList = 6443422B1C9307A200B66971 /* Build configuration list for PBXProject "proj_langage_compilation" */;
			compatibilityVersion = "Xcode 3.2";
			developmentRegion = English;
			hasScannedForEncodings = 0;
			knownRegions = (
				en,
			);
			mainGroup = 644342271C9307A200B66971;
			productRefGroup = 644342311C9307A200B66971 /* Products */;
			projectDirPath = "";
			projectRoot = "";
			targets = (
				6443422F1C9307A200B66971 /* proj_langage_compilation */,
			);
		};
/* End PBXProject section */

/* Begin PBXSourcesBuildPhase section */
		6443422C1C9307A200B66971 /* Sources */ = {
			isa = PBXSourcesBuildPhase;
			buildActionMask = 2147483647;
			files = (
				644342341C9307A200B66971 /* F8main.cpp in Sources */,
				6443423C1C9308E300B66971 /* F8fonctions.cpp in Sources */,
			);
			runOnlyForDeploymentPostprocessing = 0;
		};
/* End PBXSourcesBuildPhase section */

/* Begin XCBuildConfiguration section */
		644342351C9307A200B66971 /* Debug */ = {
			isa = XCBuildConfiguration;
			buildSettings = {
				ALWAYS_SEARCH_USER_PATHS = NO;
				CLANG_CXX_LANGUAGE_STANDARD = "gnu++0x";
				CLANG_CXX_LIBRARY = "libc++";
				CLANG_ENABLE_MODULES = YES;
				CLANG_ENABLE_OBJC_ARC = YES;
				CLANG_WARN_BOOL_CONVERSION = YES;
				CLANG_WARN_CONSTANT_CONVERSION = YES;
				CLANG_WARN_DIRECT_OBJC_ISA_USAGE = YES_ERROR;
				CLANG_WARN_EMPTY_BODY = YES;
				CLANG_WARN_ENUM_CONVERSION = YES;
				CLANG_WARN_INT_CONVERSION = YES;
				CLANG_WARN_OBJC_ROOT_CLASS = YES_ERROR;
				CLANG_WARN_UNREACHABLE_CODE = YES;
				CLANG_WARN__DUPLICATE_METHOD_MATCH = YES;
				CODE_SIGN_IDENTITY = "-";
				COPY_PHASE_STRIP = NO;
				DEBUG_INFORMATION_FORMAT = dwarf;
				ENABLE_STRICT_OBJC_MSGSEND = YES;
				ENABLE_TESTABILITY = YES;
				GCC_C_LANGUAGE_STANDARD = gnu99;
				GCC_DYNAMIC_NO_PIC = NO;
				GCC_NO_COMMON_BLOCKS = YES;
				GCC_OPTIMIZATION_LEVEL = 0;
				GCC_PREPROCESSOR_DEFINITIONS = (
					"DEBUG=1",
					"$(inherited)",
				);
				GCC_WARN_64_TO_32_BIT_CONVERSION = YES;
				GCC_WARN_ABOUT_RETURN_TYPE = YES_ERROR;
				GCC_WARN_UNDECLARED_SELECTOR = YES;
				GCC_WARN_UNINITIALIZED_AUTOS = YES_AGGRESSIVE;
				GCC_WARN_UNUSED_FUNCTION = YES;
				GCC_WARN_UNUSED_VARIABLE = YES;
				MACOSX_DEPLOYMENT_TARGET = 10.11;
				MTL_ENABLE_DEBUG_INFO = YES;
				ONLY_ACTIVE_ARCH = YES;
				SDKROOT = macosx;
			};
			name = Debug;
		};
		644342361C9307A200B66971 /* Release */ = {
			isa = XCBuildConfiguration;
			buildSettings = {
				ALWAYS_SEARCH_USER_PATHS = NO;
				CLANG_CXX_LANGUAGE_STANDARD = "gnu++0x";
				CLANG_CXX_LIBRARY = "libc++";
				CLANG_ENABLE_MODULES = YES;
				CLANG_ENABLE_OBJC_ARC = YES;
				CLANG_WARN_BOOL_CONVERSION = YES;
				CLANG_WARN_CONSTANT_CONVERSION = YES;
				CLANG_WARN_DIRECT_OBJC_ISA_USAGE = YES_ERROR;
				CLANG_WARN_EMPTY_BODY = YES;
				CLANG_WARN_ENUM_CONVERSION = YES;
				CLANG_WARN_INT_CONVERSION = YES;
				CLANG_WARN_OBJC_ROOT_CLASS = YES_ERROR;
				CLANG_WARN_UNREACHABLE_CODE = YES;
				CLANG_WARN__DUPLICATE_METHOD_MATCH = YES;
				CODE_SIGN_IDENTITY = "-";
				COPY_PHASE_STRIP = NO;
				DEBUG_INFORMATION_FORMAT = "dwarf-with-dsym";
				ENABLE_NS_ASSERTIONS = NO;
				ENABLE_STRICT_OBJC_MSGSEND = YES;
				GCC_C_LANGUAGE_STANDARD = gnu99;
				GCC_NO_COMMON_BLOCKS = YES;
				GCC_WARN_64_TO_32_BIT_CONVERSION = YES;
				GCC_WARN_ABOUT_RETURN_TYPE = YES_ERROR;
				GCC_WARN_UNDECLARED_SELECTOR = YES;
				GCC_WARN_UNINITIALIZED_AUTOS = YES_AGGRESSIVE;
				GCC_WARN_UNUSED_FUNCTION = YES;
				GCC_WARN_UNUSED_VARIABLE = YES;
				MACOSX_DEPLOYMENT_TARGET = 10.11;
				MTL_ENABLE_DEBUG_INFO = NO;
				SDKROOT = macosx;
			};
			name = Release;
		};
		644342381C9307A200B66971 /* Debug */ = {
			isa = XCBuildConfiguration;
			buildSettings = {
				PRODUCT_NAME = "$(TARGET_NAME)";
			};
			name = Debug;
		};
		644342391C9307A200B66971 /* Release */ = {
			isa = XCBuildConfiguration;
			buildSettings = {
				PRODUCT_NAME = "$(TARGET_NAME)";
			};
			name = Release;
		};
/* End XCBuildConfiguration section */

/* Begin XCConfigurationList section */
		6443422B1C9307A200B66971 /* Build configuration list for PBXProject "proj_langage_compilation" */ = {
			isa = XCConfigurationList;
			buildConfigurations = (
				644342351C9307A200B66971 /* Debug */,
				644342361C9307A200B66971 /* Release */,
			);
			defaultConfigurationIsVisible = 0;
			defaultConfigurationName = Release;
		};
		644342371C9307A200B66971 /* Build configuration list for PBXNativeTarget "proj_langage_compilation" */ = {
			isa = XCConfigurationList;
			buildConfigurations = (
				644342381C9307A200B66971 /* Debug */,
				644342391C9307A200B66971 /* Release */,
			);
			defaultConfigurationIsVisible = 0;
			defaultConfigurationName = Release;
		};
/* End XCConfigurationList section */
	};
	rootObject = 644342281C9307A200B66971 /* Project object */;
}
